
Microsoft Visual Studio Solution File, Format Version 12.00
# Visual Studio Version 16
VisualStudioVersion = 16.0.31005.135
MinimumVisualStudioVersion = 10.0.40219.1
Project("{9A19103F-16F7-4668-BE54-9A1E7A4F7556}") = "EIADataViewer", "EIADataViewer\EIADataViewer.csproj", "{B9E7422F-70EE-4F85-820C-77AC4ECA22A9}"
EndProject
Project("{9A19103F-16F7-4668-BE54-9A1E7A4F7556}") = "PoliCommon", "PoliCommon\PoliCommon.csproj", "{D312E9B0-5172-40FC-B719-68271557642F}"
EndProject
Project("{9A19103F-16F7-4668-BE54-9A1E7A4F7556}") = "EIA.Domain", "EIA.Domain\EIA.Domain.csproj", "{BC8C41DE-81B0-4F30-A1E6-C9D1C75339BA}"
EndProject
Project("{9A19103F-16F7-4668-BE54-9A1E7A4F7556}") = "EIA.Services", "EIA.Services\EIA.Services.csproj", "{C4CA0F19-8994-4CFC-B10F-CB5FDDFCCF4E}"
EndProject
Global
	GlobalSection(SolutionConfigurationPlatforms) = preSolution
		Debug|Any CPU = Debug|Any CPU
		Release|Any CPU = Release|Any CPU
	EndGlobalSection
	GlobalSection(ProjectConfigurationPlatforms) = postSolution
		{B9E7422F-70EE-4F85-820C-77AC4ECA22A9}.Debug|Any CPU.ActiveCfg = Debug|Any CPU
		{B9E7422F-70EE-4F85-820C-77AC4ECA22A9}.Debug|Any CPU.Build.0 = Debug|Any CPU
		{B9E7422F-70EE-4F85-820C-77AC4ECA22A9}.Release|Any CPU.ActiveCfg = Release|Any CPU
		{B9E7422F-70EE-4F85-820C-77AC4ECA22A9}.Release|Any CPU.Build.0 = Release|Any CPU
		{D312E9B0-5172-40FC-B719-68271557642F}.Debug|Any CPU.ActiveCfg = Debug|Any CPU
		{D312E9B0-5172-40FC-B719-68271557642F}.Debug|Any CPU.Build.0 = Debug|Any CPU
		{D312E9B0-5172-40FC-B719-68271557642F}.Release|Any CPU.ActiveCfg = Release|Any CPU
		{D312E9B0-5172-40FC-B719-68271557642F}.Release|Any CPU.Build.0 = Release|Any CPU
		{BC8C41DE-81B0-4F30-A1E6-C9D1C75339BA}.Debug|Any CPU.ActiveCfg = Debug|Any CPU
		{BC8C41DE-81B0-4F30-A1E6-C9D1C75339BA}.Debug|Any CPU.Build.0 = Debug|Any CPU
		{BC8C41DE-81B0-4F30-A1E6-C9D1C75339BA}.Release|Any CPU.ActiveCfg = Release|Any CPU
		{BC8C41DE-81B0-4F30-A1E6-C9D1C75339BA}.Release|Any CPU.Build.0 = Release|Any CPU
		{C4CA0F19-8994-4CFC-B10F-CB5FDDFCCF4E}.Debug|Any CPU.ActiveCfg = Debug|Any CPU
		{C4CA0F19-8994-4CFC-B10F-CB5FDDFCCF4E}.Debug|Any CPU.Build.0 = Debug|Any CPU
		{C4CA0F19-8994-4CFC-B10F-CB5FDDFCCF4E}.Release|Any CPU.ActiveCfg = Release|Any CPU
		{C4CA0F19-8994-4CFC-B10F-CB5FDDFCCF4E}.Release|Any CPU.Build.0 = Release|Any CPU
	EndGlobalSection
	GlobalSection(SolutionProperties) = preSolution
		HideSolutionNode = FALSE
	EndGlobalSection
	GlobalSection(ExtensibilityGlobals) = postSolution
		SolutionGuid = {64E139B9-7094-450C-9B00-7A78D6490B98}
	EndGlobalSection
EndGlobal
